// !$*UTF8*$!
{
	archiveVersion = 1;
	classes = {
	};
	objectVersion = 46;
	objects = {

/* Begin PBXFileReference section */
		08FB7796FE84155DC02AAC07 /* sudoku.c */ = {isa = PBXFileReference; fileEncoding = 4; lastKnownFileType = sourcecode.c.c; path = sudoku.c; sourceTree = "<group>"; };
		38576A10126E39C100415844 /* serie_motor.h */ = {isa = PBXFileReference; fileEncoding = 4; lastKnownFileType = sourcecode.c.h; path = serie_motor.h; sourceTree = "<group>"; };
		38576A11126E39C100415844 /* serie_motor.c */ = {isa = PBXFileReference; fileEncoding = 4; lastKnownFileType = sourcecode.c.c; path = serie_motor.c; sourceTree = "<group>"; };
		38576A47126E4E5100415844 /* messages.h */ = {isa = PBXFileReference; fileEncoding = 4; lastKnownFileType = sourcecode.c.h; path = messages.h; sourceTree = "<group>"; };
		38576A62126E531200415844 /* Makefile */ = {isa = PBXFileReference; fileEncoding = 4; lastKnownFileType = sourcecode.make; path = Makefile; sourceTree = "<group>"; };
		38576AAC126E58B300415844 /* 6-9x9.txt */ = {isa = PBXFileReference; fileEncoding = 4; lastKnownFileType = text; path = "6-9x9.txt"; sourceTree = "<group>"; };
		38A5E46B127812810072B9DA /* check.c */ = {isa = PBXFileReference; fileEncoding = 4; lastKnownFileType = sourcecode.c.c; path = check.c; sourceTree = "<group>"; };
		38A5E46C127812A20072B9DA /* result.txt */ = {isa = PBXFileReference; fileEncoding = 4; lastKnownFileType = text; path = result.txt; sourceTree = "<group>"; };
		38BD5130126EDA29003CADFB /* cell.h */ = {isa = PBXFileReference; fileEncoding = 4; lastKnownFileType = sourcecode.c.h; path = cell.h; sourceTree = "<group>"; };
		38BD5131126EDA29003CADFB /* cell.c */ = {isa = PBXFileReference; fileEncoding = 4; lastKnownFileType = sourcecode.c.c; path = cell.c; sourceTree = "<group>"; };
		38C0C1C9127AFA190087973C /* 1-2x2.txt */ = {isa = PBXFileReference; fileEncoding = 4; lastKnownFileType = text; path = "1-2x2.txt"; sourceTree = "<group>"; };
		38C0C1CA127AFA470087973C /* 2-3x3.txt */ = {isa = PBXFileReference; fileEncoding = 4; lastKnownFileType = text; path = "2-3x3.txt"; sourceTree = "<group>"; };
		38C0C1CB127AFA7B0087973C /* 3-4x4.txt */ = {isa = PBXFileReference; fileEncoding = 4; lastKnownFileType = text; path = "3-4x4.txt"; sourceTree = "<group>"; };
		38C0C1CC127AFA940087973C /* 4-5x5.txt */ = {isa = PBXFileReference; fileEncoding = 4; lastKnownFileType = text; path = "4-5x5.txt"; sourceTree = "<group>"; };
		38C0C1CD127AFABA0087973C /* 5-8x8.txt */ = {isa = PBXFileReference; fileEncoding = 4; lastKnownFileType = text; path = "5-8x8.txt"; sourceTree = "<group>"; };
		C6A0FF2C0290799A04C91782 /* Sudoku.1 */ = {isa = PBXFileReference; lastKnownFileType = text.man; path = Sudoku.1; sourceTree = "<group>"; };
/* End PBXFileReference section */

/* Begin PBXGroup section */
		08FB7794FE84155DC02AAC07 /* Sudoku */ = {
			isa = PBXGroup;
			children = (
				08FB7795FE84155DC02AAC07 /* Source */,
				C6A0FF2B0290797F04C91782 /* Documentation */,
				1AB674ADFE9D54B511CA2CBB /* Products */,
			);
			name = Sudoku;
			sourceTree = "<group>";
		};
		08FB7795FE84155DC02AAC07 /* Source */ = {
			isa = PBXGroup;
			children = (
				38A5E46B127812810072B9DA /* check.c */,
				38576A47126E4E5100415844 /* messages.h */,
				08FB7796FE84155DC02AAC07 /* sudoku.c */,
				38576A10126E39C100415844 /* serie_motor.h */,
				38576A11126E39C100415844 /* serie_motor.c */,
				38576A62126E531200415844 /* Makefile */,
				38C0C1C8127AF9F00087973C /* testes */,
				38BD5130126EDA29003CADFB /* cell.h */,
				38BD5131126EDA29003CADFB /* cell.c */,
			);
			name = Source;
			sourceTree = "<group>";
		};
		1AB674ADFE9D54B511CA2CBB /* Products */ = {
			isa = PBXGroup;
			children = (
			);
			name = Products;
			sourceTree = "<group>";
		};
		38C0C1C8127AF9F00087973C /* testes */ = {
			isa = PBXGroup;
			children = (
				38A5E46C127812A20072B9DA /* result.txt */,
				38C0C1C9127AFA190087973C /* 1-2x2.txt */,
				38C0C1CA127AFA470087973C /* 2-3x3.txt */,
				38C0C1CB127AFA7B0087973C /* 3-4x4.txt */,
				38C0C1CC127AFA940087973C /* 4-5x5.txt */,
				38C0C1CD127AFABA0087973C /* 5-8x8.txt */,
				38576AAC126E58B300415844 /* 6-9x9.txt */,
			);
			name = testes;
			sourceTree = "<group>";
		};
		C6A0FF2B0290797F04C91782 /* Documentation */ = {
			isa = PBXGroup;
			children = (
				C6A0FF2C0290799A04C91782 /* Sudoku.1 */,
			);
			name = Documentation;
			sourceTree = "<group>";
		};
/* End PBXGroup section */

/* Begin PBXLegacyTarget section */
		38576A53126E516800415844 /* build with make */ = {
			isa = PBXLegacyTarget;
			buildArgumentsString = "$(ACTION) build";
			buildConfigurationList = 38576A5E126E518200415844 /* Build configuration list for PBXLegacyTarget "build with make" */;
			buildPhases = (
			);
			buildToolPath = /usr/bin/make;
			dependencies = (
			);
			name = "build with make";
			passBuildSettingsInEnvironment = 1;
			productName = "build with make";
		};
/* End PBXLegacyTarget section */

/* Begin PBXProject section */
		08FB7793FE84155DC02AAC07 /* Project object */ = {
			isa = PBXProject;
			attributes = {
				ORGANIZATIONNAME = IST;
			};
			buildConfigurationList = 1DEB928908733DD80010E9CD /* Build configuration list for PBXProject "Sudoku" */;
			compatibilityVersion = "Xcode 3.2";
			developmentRegion = English;
			hasScannedForEncodings = 1;
			knownRegions = (
				English,
				Japanese,
				French,
				German,
			);
			mainGroup = 08FB7794FE84155DC02AAC07 /* Sudoku */;
			projectDirPath = "";
			projectRoot = "";
			targets = (
				38576A53126E516800415844 /* build with make */,
			);
		};
/* End PBXProject section */

/* Begin XCBuildConfiguration section */
		1DEB928A08733DD80010E9CD /* Debug */ = {
			isa = XCBuildConfiguration;
			buildSettings = {
				ARCHS = "$(ARCHS_STANDARD_32_64_BIT)";
				GCC_C_LANGUAGE_STANDARD = gnu99;
				GCC_OPTIMIZATION_LEVEL = 0;
				GCC_WARN_ABOUT_RETURN_TYPE = YES;
				GCC_WARN_UNUSED_VARIABLE = YES;
				ONLY_ACTIVE_ARCH = YES;
				PREBINDING = NO;
			};
			name = Debug;
		};
		1DEB928B08733DD80010E9CD /* Release */ = {
			isa = XCBuildConfiguration;
			buildSettings = {
				ARCHS = "$(ARCHS_STANDARD_32_64_BIT)";
				GCC_C_LANGUAGE_STANDARD = gnu99;
				GCC_WARN_ABOUT_RETURN_TYPE = YES;
				GCC_WARN_UNUSED_VARIABLE = YES;
				PREBINDING = NO;
			};
			name = Release;
		};
		38576A54126E516900415844 /* Debug */ = {
			isa = XCBuildConfiguration;
			buildSettings = {
				COPY_PHASE_STRIP = NO;
				GCC_DYNAMIC_NO_PIC = NO;
				GCC_OPTIMIZATION_LEVEL = 0;
				PRODUCT_NAME = "build with make";
			};
			name = Debug;
		};
		38576A55126E516900415844 /* Release */ = {
			isa = XCBuildConfiguration;
			buildSettings = {
				COPY_PHASE_STRIP = YES;
				DEBUG_INFORMATION_FORMAT = "dwarf-with-dsym";
				GCC_ENABLE_FIX_AND_CONTINUE = NO;
				PRODUCT_NAME = "build with make";
				ZERO_LINK = NO;
			};
			name = Release;
		};
/* End XCBuildConfiguration section */

/* Begin XCConfigurationList section */
		1DEB928908733DD80010E9CD /* Build configuration list for PBXProject "Sudoku" */ = {
			isa = XCConfigurationList;
			buildConfigurations = (
				1DEB928A08733DD80010E9CD /* Debug */,
				1DEB928B08733DD80010E9CD /* Release */,
			);
			defaultConfigurationIsVisible = 0;
			defaultConfigurationName = Release;
		};
		38576A5E126E518200415844 /* Build configuration list for PBXLegacyTarget "build with make" */ = {
			isa = XCConfigurationList;
			buildConfigurations = (
				38576A54126E516900415844 /* Debug */,
				38576A55126E516900415844 /* Release */,
			);
			defaultConfigurationIsVisible = 0;
			defaultConfigurationName = Release;
		};
/* End XCConfigurationList section */
	};
	rootObject = 08FB7793FE84155DC02AAC07 /* Project object */;
}
